{
  "lockfileVersion": 1,
  "configVersion": 1,
  "workspaces": {
    "": {
      "name": "client",
      "dependencies": {
        "litesvm": "^1.0.0",
      },
      "devDependencies": {
        "@types/bun": "latest",
      },
      "peerDependencies": {
        "typescript": "^5",
      },
    },
  },
  "packages": {
    "@solana-program/system": ["@solana-program/system@0.12.0", "", { "peerDependencies": { "@solana/kit": "^6.1.0" } }, "sha512-ZnAAWeGVMWNtJhw3GdifI2HnhZ0A0H0qs8tBkcFvxp/8wIavvO+GOM4Jd0N22u2+Lni2zcwvcrxrsxj6Mjphng=="],

    "@solana-program/token": ["@solana-program/token@0.12.0", "", { "dependencies": { "@solana-program/system": "^0.12.0" }, "peerDependencies": { "@solana/kit": "^6.1.0" } }, "sha512-hnidRNuFhmqUdW5aWkKTJ+cdzuotVMNwLsTyAk0Nd8VjLDld+vQC0fugHWqm5GPrvYe0hCNAhtpJcZVnNp7rOA=="],

    "@solana/accounts": ["@solana/accounts@6.8.0", "", { "dependencies": { "@solana/addresses": "6.8.0", "@solana/codecs-core": "6.8.0", "@solana/codecs-strings": "6.8.0", "@solana/errors": "6.8.0", "@solana/rpc-spec": "6.8.0", "@solana/rpc-types": "6.8.0" }, "peerDependencies": { "typescript": ">=5.0.0" }, "optionalPeers": ["typescript"] }, "sha512-rXjFYVopaEw1H2PTBQbRjKr+0i4EFuBEhRT5E0dI4cMaabSb4KKypC2gaf47+6cjU3hMlM1AcsyIs72/MqAVBw=="],

    "@solana/addresses": ["@solana/addresses@6.8.0", "", { "dependencies": { "@solana/assertions": "6.8.0", "@solana/codecs-core": "6.8.0", "@solana/codecs-strings": "6.8.0", "@solana/errors": "6.8.0", "@solana/nominal-types": "6.8.0" }, "peerDependencies": { "typescript": ">=5.0.0" }, "optionalPeers": ["typescript"] }, "sha512-xVlA0DNX1LVfTueVsbhxDDoqr1VxeXvgJEh2GcIN/vcJPhY3GE3AYtjTbJJmTDgPrzOccI0t6ElVb1gelJH/PQ=="],

    "@solana/assertions": ["@solana/assertions@6.8.0", "", { "dependencies": { "@solana/errors": "6.8.0" }, "peerDependencies": { "typescript": ">=5.0.0" }, "optionalPeers": ["typescript"] }, "sha512-OU6prCq39fSvGL8xY1C/9vhghasvAkMiRlituzJxzJpZRfpVRrwhzLd6P5NPAPoQ28qKcenA50kFdw9+ZyneJQ=="],

    "@solana/codecs": ["@solana/codecs@6.8.0", "", { "dependencies": { "@solana/codecs-core": "6.8.0", "@solana/codecs-data-structures": "6.8.0", "@solana/codecs-numbers": "6.8.0", "@solana/codecs-strings": "6.8.0", "@solana/options": "6.8.0" }, "peerDependencies": { "typescript": ">=5.0.0" }, "optionalPeers": ["typescript"] }, "sha512-qCSAaw1qszeQflavkIM7c21qJ3BHReP/qgDelZbhsEXpZc852CCZM00FOIWuxePr6X+JjSNqJquxwdDSoZe7Bw=="],

    "@solana/codecs-core": ["@solana/codecs-core@6.8.0", "", { "dependencies": { "@solana/errors": "6.8.0" }, "peerDependencies": { "typescript": ">=5.0.0" }, "optionalPeers": ["typescript"] }, "sha512-udFO8TrvzgROonwX3rY3E2SG675RehILNb4ZYcKlf1mL7vkDJ9bEJnBxi87AEwl8RWZFTl+MhT0MmrJnbpvdug=="],

    "@solana/codecs-data-structures": ["@solana/codecs-data-structures@6.8.0", "", { "dependencies": { "@solana/codecs-core": "6.8.0", "@solana/codecs-numbers": "6.8.0", "@solana/errors": "6.8.0" }, "peerDependencies": { "typescript": ">=5.0.0" }, "optionalPeers": ["typescript"] }, "sha512-lHr0F+nNwgm9c+tWQX398yzYh1qDi7QSCJpY9MQ2azW4FfY2IyPSo7bqzTaWNnJh9pmJx3ZI6jHfXBnLD5k/SQ=="],

    "@solana/codecs-numbers": ["@solana/codecs-numbers@6.8.0", "", { "dependencies": { "@solana/codecs-core": "6.8.0", "@solana/errors": "6.8.0" }, "peerDependencies": { "typescript": ">=5.0.0" }, "optionalPeers": ["typescript"] }, "sha512-ebf4f1D19EAe0uhdUYOCEYnn5+EellsBxbJ42tM2yYEoIBVz5FoBBC0gSsq+UTNbQHFa7XagyBT3LewxXttiTQ=="],

    "@solana/codecs-strings": ["@solana/codecs-strings@6.8.0", "", { "dependencies": { "@solana/codecs-core": "6.8.0", "@solana/codecs-numbers": "6.8.0", "@solana/errors": "6.8.0" }, "peerDependencies": { "fastestsmallesttextencoderdecoder": "^1.0.22", "typescript": ">=5.0.0" }, "optionalPeers": ["fastestsmallesttextencoderdecoder", "typescript"] }, "sha512-Rpk5NVhbKYcPnE7wz3IpTp0GVNVs0IYKdmyzByiimgPTiII8eb8ay4wQiYHGHrpYh62hD14Qy3GiGDFgipRKqA=="],

    "@solana/errors": ["@solana/errors@6.8.0", "", { "dependencies": { "chalk": "5.6.2", "commander": "14.0.3" }, "peerDependencies": { "typescript": ">=5.0.0" }, "optionalPeers": ["typescript"], "bin": { "errors": "bin/cli.mjs" } }, "sha512-HRTrLgTn0c99GKz4v4IKgz2+6soaRY1mh2tLW4sk1Fe4Zzv85Q6ZLK1mXrVGL73z1apyHDrr9/Sd/9ZhUsUvpA=="],

    "@solana/fast-stable-stringify": ["@solana/fast-stable-stringify@6.8.0", "", { "peerDependencies": { "typescript": ">=5.0.0" }, "optionalPeers": ["typescript"] }, "sha512-lZa3Qnsn+9ew6rHTXkPc+uqSa3i+AWqSBhV6oYxxBc+smvuxovItU4TPIs30cTfA7lAP+j+oYAQtUDu2dLy0hA=="],

    "@solana/functional": ["@solana/functional@6.8.0", "", { "peerDependencies": { "typescript": ">=5.0.0" }, "optionalPeers": ["typescript"] }, "sha512-oMSAD/8w9ujx7OplvwRWwHHFnaaxi/Xrji1XH3xAB+gzxupUpBbOmgxQ+e84x+9VN8QWk5aU3L7gmCqdTAR6OA=="],

    "@solana/instruction-plans": ["@solana/instruction-plans@6.8.0", "", { "dependencies": { "@solana/errors": "6.8.0", "@solana/instructions": "6.8.0", "@solana/keys": "6.8.0", "@solana/promises": "6.8.0", "@solana/transaction-messages": "6.8.0", "@solana/transactions": "6.8.0" }, "peerDependencies": { "typescript": ">=5.0.0" }, "optionalPeers": ["typescript"] }, "sha512-osAsY8ozqohrcTcHlG1EmO3i9flc0eESMIy9akTHyVvqk915gZgkaTmt4IjcYSwBGt7i+Rh8TmLj27RrTpCKvg=="],

    "@solana/instructions": ["@solana/instructions@6.8.0", "", { "dependencies": { "@solana/codecs-core": "6.8.0", "@solana/errors": "6.8.0" }, "peerDependencies": { "typescript": ">=5.0.0" }, "optionalPeers": ["typescript"] }, "sha512-dTtykhS9IeN3npCfnd7wSS6KmKAh54+g90JRtLYy5/31L2Zvunf3AJz2QUk58vgsAGZ5fuoiMyhCxRJm4rHUBQ=="],

    "@solana/keys": ["@solana/keys@6.8.0", "", { "dependencies": { "@solana/assertions": "6.8.0", "@solana/codecs-core": "6.8.0", "@solana/codecs-strings": "6.8.0", "@solana/errors": "6.8.0", "@solana/nominal-types": "6.8.0", "@solana/promises": "6.8.0" }, "peerDependencies": { "typescript": ">=5.0.0" }, "optionalPeers": ["typescript"] }, "sha512-Wo8CnbrVfCP1Jbsb3ElMej/3dmMrl4ArPhI1mDcqIIz/O4j4HmxZYbn2BCWtnV9V/LPM638EMO2r1x6GzDNrPA=="],

    "@solana/kit": ["@solana/kit@6.8.0", "", { "dependencies": { "@solana/accounts": "6.8.0", "@solana/addresses": "6.8.0", "@solana/codecs": "6.8.0", "@solana/errors": "6.8.0", "@solana/functional": "6.8.0", "@solana/instruction-plans": "6.8.0", "@solana/instructions": "6.8.0", "@solana/keys": "6.8.0", "@solana/offchain-messages": "6.8.0", "@solana/plugin-core": "6.8.0", "@solana/plugin-interfaces": "6.8.0", "@solana/program-client-core": "6.8.0", "@solana/programs": "6.8.0", "@solana/rpc": "6.8.0", "@solana/rpc-api": "6.8.0", "@solana/rpc-parsed-types": "6.8.0", "@solana/rpc-spec-types": "6.8.0", "@solana/rpc-subscriptions": "6.8.0", "@solana/rpc-types": "6.8.0", "@solana/signers": "6.8.0", "@solana/subscribable": "6.8.0", "@solana/sysvars": "6.8.0", "@solana/transaction-confirmation": "6.8.0", "@solana/transaction-messages": "6.8.0", "@solana/transactions": "6.8.0" }, "peerDependencies": { "typescript": ">=5.0.0" }, "optionalPeers": ["typescript"] }, "sha512-+McC1aCgcUBdM7Cd7U6k2ZHJ9OKCy5mzpb0XWrhkrgsFxT0QoRr0AcWJc85o6tIDfG6Jz7vVhbS3l8ugYz2Vzw=="],

    "@solana/nominal-types": ["@solana/nominal-types@6.8.0", "", { "peerDependencies": { "typescript": ">=5.0.0" }, "optionalPeers": ["typescript"] }, "sha512-mLmHr92pM4mEfe49GUmZ5Ry0RMqtMuFQqZYnxQqhDKMcl+Wtt820ezxYgwPhqcMxRzfqaQSO3ZxpSB0RlLBa/Q=="],

    "@solana/offchain-messages": ["@solana/offchain-messages@6.8.0", "", { "dependencies": { "@solana/addresses": "6.8.0", "@solana/codecs-core": "6.8.0", "@solana/codecs-data-structures": "6.8.0", "@solana/codecs-numbers": "6.8.0", "@solana/codecs-strings": "6.8.0", "@solana/errors": "6.8.0", "@solana/keys": "6.8.0", "@solana/nominal-types": "6.8.0" }, "peerDependencies": { "typescript": ">=5.0.0" }, "optionalPeers": ["typescript"] }, "sha512-HoniTs2uoCHGicD0dTTJ3YBhLZC9URxdXXUf0CHalLFwAidF9iNuB8dsuKk16Euu68L4/ERKKGfyC0QobBvahw=="],

    "@solana/options": ["@solana/options@6.8.0", "", { "dependencies": { "@solana/codecs-core": "6.8.0", "@solana/codecs-data-structures": "6.8.0", "@solana/codecs-numbers": "6.8.0", "@solana/codecs-strings": "6.8.0", "@solana/errors": "6.8.0" }, "peerDependencies": { "typescript": ">=5.0.0" }, "optionalPeers": ["typescript"] }, "sha512-T5441HHeucFaLtaMAJQJl79T7mX007oAFPunpPebBphRvCXGv+qQwQvqa4HkYct6Jf2O0aKLBL9GSe/kfdCk9A=="],

    "@solana/plugin-core": ["@solana/plugin-core@6.8.0", "", { "peerDependencies": { "typescript": ">=5.0.0" }, "optionalPeers": ["typescript"] }, "sha512-kdqFIhQvJP2BDUsMOIbor35esj8u78SO33Xv0Wmo+uTRg6yKONKVK53ghw235pWrinOT4f0VnVe6MN6ciYiQVA=="],

    "@solana/plugin-interfaces": ["@solana/plugin-interfaces@6.8.0", "", { "dependencies": { "@solana/addresses": "6.8.0", "@solana/instruction-plans": "6.8.0", "@solana/keys": "6.8.0", "@solana/rpc-spec": "6.8.0", "@solana/rpc-subscriptions-spec": "6.8.0", "@solana/rpc-types": "6.8.0", "@solana/signers": "6.8.0" }, "peerDependencies": { "typescript": ">=5.0.0" }, "optionalPeers": ["typescript"] }, "sha512-4olaMKGUVA7wG6BBWM5A31bQsUWBlfcL1pjhq6ZTqVEJ7vshHXGwHVlWYXYyYn9ixozGDpGSl553yaRY9jQwWw=="],

    "@solana/program-client-core": ["@solana/program-client-core@6.8.0", "", { "dependencies": { "@solana/accounts": "6.8.0", "@solana/addresses": "6.8.0", "@solana/codecs-core": "6.8.0", "@solana/errors": "6.8.0", "@solana/instruction-plans": "6.8.0", "@solana/instructions": "6.8.0", "@solana/plugin-interfaces": "6.8.0", "@solana/rpc-api": "6.8.0", "@solana/signers": "6.8.0" }, "peerDependencies": { "typescript": ">=5.0.0" }, "optionalPeers": ["typescript"] }, "sha512-eOZtEnwl+vdiy9x/rFF89NDtnvt+Q3H04A/0u4GoHnt+fFkQG3JS+ChWG9c77izmpmRuz5C1GptOPDGNDnIUgQ=="],

    "@solana/programs": ["@solana/programs@6.8.0", "", { "dependencies": { "@solana/addresses": "6.8.0", "@solana/errors": "6.8.0" }, "peerDependencies": { "typescript": ">=5.0.0" }, "optionalPeers": ["typescript"] }, "sha512-8hSKGfPTLX9Sm7KGV/UtiGCeSzptT/9vcjbodE+ZGHKFefo5vES4UAW+qD01LjL7IumGtMJvnfhCWt81qT/jbQ=="],

    "@solana/promises": ["@solana/promises@6.8.0", "", { "peerDependencies": { "typescript": ">=5.0.0" }, "optionalPeers": ["typescript"] }, "sha512-kIypZG83ZbADbrAq9/LS7LuWlVxlgJSzIpic75+9IuAfC3k5/KSus8LrvggBkCzfAyIslrUh70iz4JcnzUZrOw=="],

    "@solana/rpc": ["@solana/rpc@6.8.0", "", { "dependencies": { "@solana/errors": "6.8.0", "@solana/fast-stable-stringify": "6.8.0", "@solana/functional": "6.8.0", "@solana/rpc-api": "6.8.0", "@solana/rpc-spec": "6.8.0", "@solana/rpc-spec-types": "6.8.0", "@solana/rpc-transformers": "6.8.0", "@solana/rpc-transport-http": "6.8.0", "@solana/rpc-types": "6.8.0" }, "peerDependencies": { "typescript": ">=5.0.0" }, "optionalPeers": ["typescript"] }, "sha512-+jW4n9TDmBttY3bO3PdUo54GAnwFrd7UJsyfXoMgl/lWGQq5uddYDgnzQLtHOBP5zKslkR8h0RKkic0GZhMZrQ=="],

    "@solana/rpc-api": ["@solana/rpc-api@6.8.0", "", { "dependencies": { "@solana/addresses": "6.8.0", "@solana/codecs-core": "6.8.0", "@solana/codecs-strings": "6.8.0", "@solana/errors": "6.8.0", "@solana/keys": "6.8.0", "@solana/rpc-parsed-types": "6.8.0", "@solana/rpc-spec": "6.8.0", "@solana/rpc-transformers": "6.8.0", "@solana/rpc-types": "6.8.0", "@solana/transaction-messages": "6.8.0", "@solana/transactions": "6.8.0" }, "peerDependencies": { "typescript": ">=5.0.0" }, "optionalPeers": ["typescript"] }, "sha512-v8ZKWgPtKbF6HeJcfC4ciwI8mwDCizBtRLYYjjHOu+9S9IJYyefQzsQxL5P8OjJPpI4gFauT6gsjQLo76BoojA=="],

    "@solana/rpc-parsed-types": ["@solana/rpc-parsed-types@6.8.0", "", { "peerDependencies": { "typescript": ">=5.0.0" }, "optionalPeers": ["typescript"] }, "sha512-jYddZviBSUYbuUKqvNthet7KbJVI7me6xfRH2znv1SjIpmvhSPJcGN5QrlHVOasHdzEWSpvZa5VYDfnqH3aYvA=="],

    "@solana/rpc-spec": ["@solana/rpc-spec@6.8.0", "", { "dependencies": { "@solana/errors": "6.8.0", "@solana/rpc-spec-types": "6.8.0" }, "peerDependencies": { "typescript": ">=5.0.0" }, "optionalPeers": ["typescript"] }, "sha512-kE5uOspxCVFJKNUu73hlebGiAFosjfYXbbTXAbGKfksPzy84u1oJFC2IVIobLRnqUCw1x7oJcvfnX00Zs0Itpg=="],

    "@solana/rpc-spec-types": ["@solana/rpc-spec-types@6.8.0", "", { "peerDependencies": { "typescript": ">=5.0.0" }, "optionalPeers": ["typescript"] }, "sha512-ebCWgiQbIgFOehU7PdRFmYCzda3Azc/qa2Y3P8gexSHSsDAO27VwS4E05XSY+a7cIL5MYmvUa1vpDynl1Rkakw=="],

    "@solana/rpc-subscriptions": ["@solana/rpc-subscriptions@6.8.0", "", { "dependencies": { "@solana/errors": "6.8.0", "@solana/fast-stable-stringify": "6.8.0", "@solana/functional": "6.8.0", "@solana/promises": "6.8.0", "@solana/rpc-spec-types": "6.8.0", "@solana/rpc-subscriptions-api": "6.8.0", "@solana/rpc-subscriptions-channel-websocket": "6.8.0", "@solana/rpc-subscriptions-spec": "6.8.0", "@solana/rpc-transformers": "6.8.0", "@solana/rpc-types": "6.8.0", "@solana/subscribable": "6.8.0" }, "peerDependencies": { "typescript": ">=5.0.0" }, "optionalPeers": ["typescript"] }, "sha512-9CotreNZmKAP2z07FY1I7TPPvylKLFF5p4mujB5ZFMHQPp5JVQFVCmMIhSj5voZHAeYx7jdwJ2Kf0RDeClqJzA=="],

    "@solana/rpc-subscriptions-api": ["@solana/rpc-subscriptions-api@6.8.0", "", { "dependencies": { "@solana/addresses": "6.8.0", "@solana/keys": "6.8.0", "@solana/rpc-subscriptions-spec": "6.8.0", "@solana/rpc-transformers": "6.8.0", "@solana/rpc-types": "6.8.0", "@solana/transaction-messages": "6.8.0", "@solana/transactions": "6.8.0" }, "peerDependencies": { "typescript": ">=5.0.0" }, "optionalPeers": ["typescript"] }, "sha512-cPJOsydyoqkztW3msEH09wPDYqxJcMvO6DBlvrboq6wGu1UjeP66w2eApzQ8POoQHxhyw+CfEXl1Gbu6kKwuMQ=="],

    "@solana/rpc-subscriptions-channel-websocket": ["@solana/rpc-subscriptions-channel-websocket@6.8.0", "", { "dependencies": { "@solana/errors": "6.8.0", "@solana/functional": "6.8.0", "@solana/rpc-subscriptions-spec": "6.8.0", "@solana/subscribable": "6.8.0", "ws": "^8.19.0" }, "peerDependencies": { "typescript": ">=5.0.0" }, "optionalPeers": ["typescript"] }, "sha512-c3PpkorYwhAz1iuUfM5sLpZQi8xtZFGbaPbaPRELVeDjFSRzoa12KFnuQs4i9fbVbLy5Cnt1t23tf0bL2snZCQ=="],

    "@solana/rpc-subscriptions-spec": ["@solana/rpc-subscriptions-spec@6.8.0", "", { "dependencies": { "@solana/errors": "6.8.0", "@solana/promises": "6.8.0", "@solana/rpc-spec-types": "6.8.0", "@solana/subscribable": "6.8.0" }, "peerDependencies": { "typescript": ">=5.0.0" }, "optionalPeers": ["typescript"] }, "sha512-+t4L5q9qE6IVfunW3n1amA/3EswJr64pVqRF7234vCUuVUz4PgYfbqtEBV3KkA1o0NwEHHM3pXuofT63nBb8Bg=="],

    "@solana/rpc-transformers": ["@solana/rpc-transformers@6.8.0", "", { "dependencies": { "@solana/errors": "6.8.0", "@solana/functional": "6.8.0", "@solana/nominal-types": "6.8.0", "@solana/rpc-spec-types": "6.8.0", "@solana/rpc-types": "6.8.0" }, "peerDependencies": { "typescript": ">=5.0.0" }, "optionalPeers": ["typescript"] }, "sha512-GzcFkllym7eXbw7grdE41MCb15CjkibrXtr7EFsf4d6LD9DRvzFj2ZRYywS2FB2ibVP0LUXXGk3vmtkZJjfajA=="],

    "@solana/rpc-transport-http": ["@solana/rpc-transport-http@6.8.0", "", { "dependencies": { "@solana/errors": "6.8.0", "@solana/rpc-spec": "6.8.0", "@solana/rpc-spec-types": "6.8.0", "undici-types": "^8.0.0" }, "peerDependencies": { "typescript": ">=5.0.0" }, "optionalPeers": ["typescript"] }, "sha512-jw/L0q2motGcx7yo6KvkKJd2HGVg9gvViXatFloLl1XmHbkwE7+97YYmG17WRuM5xauzI/UGYOXNW7cEB+Uaxw=="],

    "@solana/rpc-types": ["@solana/rpc-types@6.8.0", "", { "dependencies": { "@solana/addresses": "6.8.0", "@solana/codecs-core": "6.8.0", "@solana/codecs-numbers": "6.8.0", "@solana/codecs-strings": "6.8.0", "@solana/errors": "6.8.0", "@solana/nominal-types": "6.8.0" }, "peerDependencies": { "typescript": ">=5.0.0" }, "optionalPeers": ["typescript"] }, "sha512-vACMV9VR2JsZGDcgaMOFN/dwLK57CsE+erassxxtF12sSPXJooz+Vu1vyY2Yp2EkCc7mDf7BNkTKvSXajbt+Qw=="],

    "@solana/signers": ["@solana/signers@6.8.0", "", { "dependencies": { "@solana/addresses": "6.8.0", "@solana/codecs-core": "6.8.0", "@solana/errors": "6.8.0", "@solana/instructions": "6.8.0", "@solana/keys": "6.8.0", "@solana/nominal-types": "6.8.0", "@solana/offchain-messages": "6.8.0", "@solana/transaction-messages": "6.8.0", "@solana/transactions": "6.8.0" }, "peerDependencies": { "typescript": ">=5.0.0" }, "optionalPeers": ["typescript"] }, "sha512-7E1cAXBLOcz9kmHhzWdu5m3UJlJzxfwOl8irOMLJI6NnKB2EmU0B0h4I+Mlfs9w8Bfj0WQpUei21ammbNBq39g=="],

    "@solana/subscribable": ["@solana/subscribable@6.8.0", "", { "dependencies": { "@solana/errors": "6.8.0" }, "peerDependencies": { "typescript": ">=5.0.0" }, "optionalPeers": ["typescript"] }, "sha512-yj41Q97MiWrOmLj1iRFobvTdtU6H5wz5BlH5FHJg9lyapy1YQyaYF37MZx4LiUj4Ww0V3ReluIZTWWDBOJ53Jg=="],

    "@solana/sysvars": ["@solana/sysvars@6.8.0", "", { "dependencies": { "@solana/accounts": "6.8.0", "@solana/codecs-core": "6.8.0", "@solana/codecs-data-structures": "6.8.0", "@solana/codecs-numbers": "6.8.0", "@solana/errors": "6.8.0", "@solana/rpc-types": "6.8.0" }, "peerDependencies": { "typescript": ">=5.0.0" }, "optionalPeers": ["typescript"] }, "sha512-pwfMpMNL6MSmm07eHQYdTdRdzmPOd+EuVCCaNLSYdWGpYcocVJiaLiNWRV3cXA5wPj/ZFkoUGtc1bo0v7H50lw=="],

    "@solana/transaction-confirmation": ["@solana/transaction-confirmation@6.8.0", "", { "dependencies": { "@solana/addresses": "6.8.0", "@solana/codecs-strings": "6.8.0", "@solana/errors": "6.8.0", "@solana/keys": "6.8.0", "@solana/promises": "6.8.0", "@solana/rpc": "6.8.0", "@solana/rpc-subscriptions": "6.8.0", "@solana/rpc-types": "6.8.0", "@solana/transaction-messages": "6.8.0", "@solana/transactions": "6.8.0" }, "peerDependencies": { "typescript": ">=5.0.0" }, "optionalPeers": ["typescript"] }, "sha512-R6rj8y/+kZqYJr8FR/fWxgi3Pw3eCiacUyjCPTVtdVe6i+hIiBApTGLzXrSRJmAMdpZrjYBZU1cG8C6oAb+B2A=="],

    "@solana/transaction-messages": ["@solana/transaction-messages@6.8.0", "", { "dependencies": { "@solana/addresses": "6.8.0", "@solana/codecs-core": "6.8.0", "@solana/codecs-data-structures": "6.8.0", "@solana/codecs-numbers": "6.8.0", "@solana/errors": "6.8.0", "@solana/functional": "6.8.0", "@solana/instructions": "6.8.0", "@solana/nominal-types": "6.8.0", "@solana/rpc-types": "6.8.0" }, "peerDependencies": { "typescript": ">=5.0.0" }, "optionalPeers": ["typescript"] }, "sha512-jsJu9mAcN1x7onKOeC4WEvYP04UVcnkOYu/9bMe+S9jqjL+3DMy9kFZpV5FBl+TPuTNJrtOqc6Gc28hUWyyp1A=="],

    "@solana/transactions": ["@solana/transactions@6.8.0", "", { "dependencies": { "@solana/addresses": "6.8.0", "@solana/codecs-core": "6.8.0", "@solana/codecs-data-structures": "6.8.0", "@solana/codecs-numbers": "6.8.0", "@solana/codecs-strings": "6.8.0", "@solana/errors": "6.8.0", "@solana/functional": "6.8.0", "@solana/instructions": "6.8.0", "@solana/keys": "6.8.0", "@solana/nominal-types": "6.8.0", "@solana/rpc-types": "6.8.0", "@solana/transaction-messages": "6.8.0" }, "peerDependencies": { "typescript": ">=5.0.0" }, "optionalPeers": ["typescript"] }, "sha512-Q46m+o3C1yL2EIZBAP5B8ou2VZwHN9wTi+muIS6/giCKO3jwUtnTEbWcZEDMj2vxUb7P2WfwTluZb/VAWxlx7Q=="],

    "@types/bun": ["@types/bun@1.3.12", "", { "dependencies": { "bun-types": "1.3.12" } }, "sha512-DBv81elK+/VSwXHDlnH3Qduw+KxkTIWi7TXkAeh24zpi5l0B2kUg9Ga3tb4nJaPcOFswflgi/yAvMVBPrxMB+A=="],

    "@types/node": ["@types/node@25.6.0", "", { "dependencies": { "undici-types": "~7.19.0" } }, "sha512-+qIYRKdNYJwY3vRCZMdJbPLJAtGjQBudzZzdzwQYkEPQd+PJGixUL5QfvCLDaULoLv+RhT3LDkwEfKaAkgSmNQ=="],

    "bun-types": ["bun-types@1.3.12", "", { "dependencies": { "@types/node": "*" } }, "sha512-HqOLj5PoFajAQciOMRiIZGNoKxDJSr6qigAttOX40vJuSp6DN/CxWp9s3C1Xwm4oH7ybueITwiaOcWXoYVoRkA=="],

    "chalk": ["chalk@5.6.2", "", {}, "sha512-7NzBL0rN6fMUW+f7A6Io4h40qQlG+xGmtMxfbnH/K7TAtt8JQWVQK+6g0UXKMeVJoyV5EkkNsErQ8pVD3bLHbA=="],

    "commander": ["commander@14.0.3", "", {}, "sha512-H+y0Jo/T1RZ9qPP4Eh1pkcQcLRglraJaSLoyOtHxu6AapkjWVCy2Sit1QQ4x3Dng8qDlSsZEet7g5Pq06MvTgw=="],

    "litesvm": ["litesvm@1.0.0", "", { "dependencies": { "@solana-program/system": "^0.12.0", "@solana-program/token": "^0.12.0", "@solana/kit": "^6.5.0" }, "optionalDependencies": { "litesvm-darwin-arm64": "1.0.0", "litesvm-darwin-x64": "1.0.0", "litesvm-linux-arm64-gnu": "1.0.0", "litesvm-linux-arm64-musl": "1.0.0", "litesvm-linux-x64-gnu": "1.0.0", "litesvm-linux-x64-musl": "1.0.0" } }, "sha512-+uM5Uqut++IKNoG4rw2QzMNspZhqqqRXZ5XDPxb68kJMBrOdvIJX9Ie7IAHTD26qdX074FqMDqlOqlJR9H3xIw=="],

    "litesvm-darwin-arm64": ["litesvm-darwin-arm64@1.0.0", "", { "os": "darwin", "cpu": "arm64" }, "sha512-Fl1i0G+DbsMh4M0nLtFvJcbYcxVZyYOnJhvLTxzFy26CN5dtOHRTWcHTkQZpfEwdIQxCJAvjsGIHAg4K/ecycQ=="],

    "litesvm-darwin-x64": ["litesvm-darwin-x64@1.0.0", "", { "os": "darwin", "cpu": "x64" }, "sha512-4gSTuYdOCZ0SpjbGRhZ6g8ua8oSJtMgHwz7qpjTPvXw5Zc1K2bdWDlV0FNwg+NSTTQhCn7PzmpFKip2lI/CU3w=="],

    "litesvm-linux-arm64-gnu": ["litesvm-linux-arm64-gnu@1.0.0", "", { "os": "linux", "cpu": "arm64" }, "sha512-i/NdIvl/D3AJE2PbvYOqORKAe5EYpKO6hlgqKEukzWDQd/yx7hmevg/yEI5rJuI0BfTDPZzRuK4Y5wMKdKu42A=="],

    "litesvm-linux-arm64-musl": ["litesvm-linux-arm64-musl@1.0.0", "", { "os": "linux", "cpu": "arm64" }, "sha512-suv1yKYH4oBcR9dIf4JdoMOjdDPyi4QHsO6dKB7Kw/0/tGxnWy/ZcZCMqE283exEyGc64bZXqFTZQQcZxqJrRw=="],

    "litesvm-linux-x64-gnu": ["litesvm-linux-x64-gnu@1.0.0", "", { "os": "linux", "cpu": "x64" }, "sha512-mM+0lSof8Kb45EXUOqM6E+uVNEZgfOn7Vy0PgEgHI9igDhoxID7S4Z44AAcw5k0hzfPT7qtHGH/uOeIFz6w5fw=="],

    "litesvm-linux-x64-musl": ["litesvm-linux-x64-musl@1.0.0", "", { "os": "linux", "cpu": "x64" }, "sha512-xBuFg4PYicqrkthgEgX7GkY2XftqwwBhqZoxEjMjLT9XiRAu82xZJsZTQ0yC749+phXeWT7fjp3W6uVEKvDjAQ=="],

    "typescript": ["typescript@5.9.3", "", { "bin": { "tsc": "bin/tsc", "tsserver": "bin/tsserver" } }, "sha512-jl1vZzPDinLr9eUt3J/t7V6FgNEw9QjvBPdysz9KfQDD41fQrC2Y4vKQdiaUpFT4bXlb1RHhLpp8wtm6M5TgSw=="],

    "undici-types": ["undici-types@7.19.2", "", {}, "sha512-qYVnV5OEm2AW8cJMCpdV20CDyaN3g0AjDlOGf1OW4iaDEx8MwdtChUp4zu4H0VP3nDRF/8RKWH+IPp9uW0YGZg=="],

    "ws": ["ws@8.20.0", "", { "peerDependencies": { "bufferutil": "^4.0.1", "utf-8-validate": ">=5.0.2" }, "optionalPeers": ["bufferutil", "utf-8-validate"] }, "sha512-sAt8BhgNbzCtgGbt2OxmpuryO63ZoDk/sqaB/znQm94T4fCEsy/yV+7CdC1kJhOU9lboAEU7R3kquuycDoibVA=="],

    "@solana/rpc-transport-http/undici-types": ["undici-types@8.1.0", "", {}, "sha512-JlLXdMmH4kxyn2JPtGK/cajzKY7F15OKYG8sO5HfkIC1AC09sLUeptGFKjnMWnprDQ2EwzYDO3kgzkK3aaoHCA=="],
  }
}
